
Microsoft Visual Studio Solution File, Format Version 12.00
# Visual Studio Version 17
VisualStudioVersion = 17.1.32210.238
MinimumVisualStudioVersion = 10.0.40219.1
Project("{FAE04EC0-301F-11D3-BF4B-00C04F79EFBC}") = "SqlCodefirst", "SqlCodefirst\SqlCodefirst.csproj", "{B282AE82-E1FB-48B4-AF49-B24A911CFFB5}"
EndProject
Global
	GlobalSection(SolutionConfigurationPlatforms) = preSolution
		Debug|Any CPU = Debug|Any CPU
		Release|Any CPU = Release|Any CPU
	EndGlobalSection
	GlobalSection(ProjectConfigurationPlatforms) = postSolution
		{B282AE82-E1FB-48B4-AF49-B24A911CFFB5}.Debug|Any CPU.ActiveCfg = Debug|Any CPU
		{B282AE82-E1FB-48B4-AF49-B24A911CFFB5}.Debug|Any CPU.Build.0 = Debug|Any CPU
		{B282AE82-E1FB-48B4-AF49-B24A911CFFB5}.Release|Any CPU.ActiveCfg = Release|Any CPU
		{B282AE82-E1FB-48B4-AF49-B24A911CFFB5}.Release|Any CPU.Build.0 = Release|Any CPU
	EndGlobalSection
	GlobalSection(SolutionProperties) = preSolution
		HideSolutionNode = FALSE
	EndGlobalSection
	GlobalSection(ExtensibilityGlobals) = postSolution
		SolutionGuid = {904C4876-2BB5-4918-B74F-02AD666837E1}
	EndGlobalSection
EndGlobal
